{
    "name": "clavis",
    "lockfileVersion": 2,
    "requires": true,
    "packages": {
        "": {
            "devDependencies": {
                "ergogen": "^3.1.2"
            }
        },
        "node_modules/@babel/runtime": {
            "version": "7.16.7",
            "dev": true,
            "license": "MIT",
            "dependencies": {
                "regenerator-runtime": "^0.13.4"
            },
            "engines": {
                "node": ">=6.9.0"
            }
        },
        "node_modules/@danmarshall/jscad-typings": {
            "version": "1.0.0",
            "dev": true,
            "license": "MIT"
        },
        "node_modules/@jscad/csg": {
            "version": "0.3.6",
            "dev": true,
            "license": "MIT"
        },
        "node_modules/@jscad/dxf-serializer": {
            "version": "0.0.4",
            "dev": true,
            "license": "MIT"
        },
        "node_modules/@jscad/gcode-deserializer": {
            "version": "0.0.4",
            "dev": true,
            "license": "MIT"
        },
        "node_modules/@jscad/io": {
            "version": "0.3.7",
            "dev": true,
            "license": "MIT",
            "dependencies": {
                "@jscad/dxf-serializer": "^0.0.4",
                "@jscad/gcode-deserializer": "^0.0.4",
                "@jscad/io-utils": "^0.1.2",
                "@jscad/json-deserializer": "^0.0.4",
                "@jscad/json-serializer": "^0.0.5",
                "@jscad/obj-deserializer": "^0.0.4",
                "@jscad/stl-deserializer": "^0.1.2",
                "@jscad/stl-serializer": "^0.0.6",
                "@jscad/svg-deserializer": "^0.2.3",
                "@jscad/svg-serializer": "^0.0.4"
            }
        },
        "node_modules/@jscad/io-utils": {
            "version": "0.1.3",
            "dev": true,
            "license": "MIT"
        },
        "node_modules/@jscad/json-deserializer": {
            "version": "0.0.4",
            "dev": true,
            "license": "MIT",
            "dependencies": {
                "@jscad/csg": "0.3.6"
            }
        },
        "node_modules/@jscad/json-serializer": {
            "version": "0.0.5",
            "dev": true,
            "license": "MIT",
            "dependencies": {
                "@jscad/csg": "0.3.6",
                "@jscad/io-utils": "^0.1.2"
            }
        },
        "node_modules/@jscad/obj-deserializer": {
            "version": "0.0.4",
            "dev": true,
            "license": "MIT"
        },
        "node_modules/@jscad/openjscad": {
            "version": "1.6.1",
            "dev": true,
            "hasInstallScript": true,
            "license": "MIT",
            "dependencies": {
                "@jscad/csg": "0.3.6",
                "@jscad/io": "github:ergogen/oldjscadio",
                "@jscad/openscad-openjscad-translator": "0.0.10",
                "@jscad/scad-api": "^0.5.1",
                "astring": "^1.0.2",
                "brace": "0.10.0",
                "esprima": "^3.1.3",
                "estraverse": "^4.2.0",
                "most-gestures": "^0.3.0",
                "webworkify": "^1.4.0"
            },
            "bin": {
                "openjscad": "src/cli/cli.js"
            }
        },
        "node_modules/@jscad/openscad-openjscad-translator": {
            "version": "0.0.10",
            "dev": true,
            "license": "MIT",
            "dependencies": {
                "lodash": "^4.17.4",
                "sylvester": "github:kaosat-dev/node-sylvester"
            }
        },
        "node_modules/@jscad/scad-api": {
            "version": "0.5.1",
            "dev": true,
            "license": "MIT",
            "dependencies": {
                "@jscad/csg": "0.3.7"
            }
        },
        "node_modules/@jscad/scad-api/node_modules/@jscad/csg": {
            "version": "0.3.7",
            "dev": true,
            "license": "MIT"
        },
        "node_modules/@jscad/stl-deserializer": {
            "version": "0.1.2",
            "dev": true,
            "license": "MIT",
            "dependencies": {
                "@jscad/csg": "0.3.6",
                "@jscad/io-utils": "^0.1.2"
            }
        },
        "node_modules/@jscad/stl-serializer": {
            "version": "0.0.6",
            "dev": true,
            "license": "MIT",
            "dependencies": {
                "@jscad/io-utils": "^0.1.2"
            }
        },
        "node_modules/@jscad/svg-deserializer": {
            "version": "0.2.3",
            "dev": true,
            "license": "MIT",
            "dependencies": {
                "@jscad/csg": "0.3.6",
                "sax": "1.2.4"
            }
        },
        "node_modules/@jscad/svg-serializer": {
            "version": "0.0.4",
            "dev": true,
            "license": "MIT",
            "dependencies": {
                "@jscad/csg": "0.3.6"
            }
        },
        "node_modules/@most/multicast": {
            "version": "1.3.0",
            "dev": true,
            "license": "MIT",
            "dependencies": {
                "@most/prelude": "^1.4.0"
            },
            "peerDependencies": {
                "most": "^1.0.1"
            }
        },
        "node_modules/@most/prelude": {
            "version": "1.8.0",
            "dev": true,
            "license": "MIT"
        },
        "node_modules/@types/bezier-js": {
            "version": "0.0.6",
            "dev": true,
            "license": "MIT"
        },
        "node_modules/@types/node": {
            "version": "7.10.14",
            "dev": true,
            "license": "MIT"
        },
        "node_modules/@types/opentype.js": {
            "version": "0.7.2",
            "dev": true,
            "license": "MIT"
        },
        "node_modules/@types/pdfkit": {
            "version": "0.7.36",
            "dev": true,
            "license": "MIT",
            "dependencies": {
                "@types/node": "*"
            }
        },
        "node_modules/ansi-regex": {
            "version": "5.0.1",
            "dev": true,
            "license": "MIT",
            "engines": {
                "node": ">=8"
            }
        },
        "node_modules/ansi-styles": {
            "version": "4.3.0",
            "dev": true,
            "license": "MIT",
            "dependencies": {
                "color-convert": "^2.0.1"
            },
            "engines": {
                "node": ">=8"
            },
            "funding": {
                "url": "https://github.com/chalk/ansi-styles?sponsor=1"
            }
        },
        "node_modules/argparse": {
            "version": "1.0.10",
            "dev": true,
            "license": "MIT",
            "dependencies": {
                "sprintf-js": "~1.0.2"
            }
        },
        "node_modules/astring": {
            "version": "1.8.1",
            "dev": true,
            "license": "MIT",
            "bin": {
                "astring": "bin/astring"
            }
        },
        "node_modules/bezier-js": {
            "version": "2.6.1",
            "dev": true,
            "license": "MIT"
        },
        "node_modules/brace": {
            "version": "0.10.0",
            "dev": true,
            "license": "MIT",
            "dependencies": {
                "w3c-blob": "0.0.1"
            }
        },
        "node_modules/cliui": {
            "version": "7.0.4",
            "dev": true,
            "license": "ISC",
            "dependencies": {
                "string-width": "^4.2.0",
                "strip-ansi": "^6.0.0",
                "wrap-ansi": "^7.0.0"
            }
        },
        "node_modules/clone": {
            "version": "1.0.4",
            "dev": true,
            "license": "MIT",
            "engines": {
                "node": ">=0.8"
            }
        },
        "node_modules/color-convert": {
            "version": "2.0.1",
            "dev": true,
            "license": "MIT",
            "dependencies": {
                "color-name": "~1.1.4"
            },
            "engines": {
                "node": ">=7.0.0"
            }
        },
        "node_modules/color-name": {
            "version": "1.1.4",
            "dev": true,
            "license": "MIT"
        },
        "node_modules/complex.js": {
            "version": "2.0.15",
            "dev": true,
            "license": "MIT",
            "engines": {
                "node": "*"
            },
            "funding": {
                "type": "patreon",
                "url": "https://www.patreon.com/infusion"
            }
        },
        "node_modules/decimal.js": {
            "version": "10.3.1",
            "dev": true,
            "license": "MIT"
        },
        "node_modules/define-properties": {
            "version": "1.1.3",
            "dev": true,
            "license": "MIT",
            "dependencies": {
                "object-keys": "^1.0.12"
            },
            "engines": {
                "node": ">= 0.4"
            }
        },
        "node_modules/emoji-regex": {
            "version": "8.0.0",
            "dev": true,
            "license": "MIT"
        },
        "node_modules/ergogen": {
            "version": "3.1.2",
            "dev": true,
            "license": "MIT",
            "dependencies": {
                "@jscad/openjscad": "github:ergogen/oldjscad",
                "fs-extra": "^10.0.0",
                "js-yaml": "^3.14.0",
                "kle-serial": "github:ergogen/kle-serial#ergogen",
                "makerjs": "github:ergogen/maker.js#ergogen",
                "mathjs": "^10.0.0",
                "semver": "^7.3.5",
                "yargs": "^17.3.0"
            },
            "bin": {
                "ergogen": "src/cli.js"
            }
        },
        "node_modules/escalade": {
            "version": "3.1.1",
            "dev": true,
            "license": "MIT",
            "engines": {
                "node": ">=6"
            }
        },
        "node_modules/escape-latex": {
            "version": "1.2.0",
            "dev": true,
            "license": "MIT"
        },
        "node_modules/esprima": {
            "version": "3.1.3",
            "dev": true,
            "license": "BSD-2-Clause",
            "bin": {
                "esparse": "bin/esparse.js",
                "esvalidate": "bin/esvalidate.js"
            },
            "engines": {
                "node": ">=4"
            }
        },
        "node_modules/estraverse": {
            "version": "4.3.0",
            "dev": true,
            "license": "BSD-2-Clause",
            "engines": {
                "node": ">=4.0"
            }
        },
        "node_modules/fraction.js": {
            "version": "4.1.2",
            "dev": true,
            "license": "MIT",
            "engines": {
                "node": "*"
            },
            "funding": {
                "type": "patreon",
                "url": "https://www.patreon.com/infusion"
            }
        },
        "node_modules/fs-extra": {
            "version": "10.0.0",
            "dev": true,
            "license": "MIT",
            "dependencies": {
                "graceful-fs": "^4.2.0",
                "jsonfile": "^6.0.1",
                "universalify": "^2.0.0"
            },
            "engines": {
                "node": ">=12"
            }
        },
        "node_modules/get-caller-file": {
            "version": "2.0.5",
            "dev": true,
            "license": "ISC",
            "engines": {
                "node": "6.* || 8.* || >= 10.*"
            }
        },
        "node_modules/globalthis": {
            "version": "1.0.2",
            "dev": true,
            "license": "MIT",
            "dependencies": {
                "define-properties": "^1.1.3"
            },
            "engines": {
                "node": ">= 0.4"
            },
            "funding": {
                "url": "https://github.com/sponsors/ljharb"
            }
        },
        "node_modules/graceful-fs": {
            "version": "4.2.9",
            "dev": true,
            "license": "ISC"
        },
        "node_modules/graham_scan": {
            "version": "1.0.4",
            "dev": true,
            "license": "MIT"
        },
        "node_modules/is-fullwidth-code-point": {
            "version": "3.0.0",
            "dev": true,
            "license": "MIT",
            "engines": {
                "node": ">=8"
            }
        },
        "node_modules/javascript-natural-sort": {
            "version": "0.7.1",
            "dev": true,
            "license": "MIT"
        },
        "node_modules/js-yaml": {
            "version": "3.14.1",
            "dev": true,
            "license": "MIT",
            "dependencies": {
                "argparse": "^1.0.7",
                "esprima": "^4.0.0"
            },
            "bin": {
                "js-yaml": "bin/js-yaml.js"
            }
        },
        "node_modules/js-yaml/node_modules/esprima": {
            "version": "4.0.1",
            "dev": true,
            "license": "BSD-2-Clause",
            "bin": {
                "esparse": "bin/esparse.js",
                "esvalidate": "bin/esvalidate.js"
            },
            "engines": {
                "node": ">=4"
            }
        },
        "node_modules/json5": {
            "version": "2.2.0",
            "dev": true,
            "license": "MIT",
            "dependencies": {
                "minimist": "^1.2.5"
            },
            "bin": {
                "json5": "lib/cli.js"
            },
            "engines": {
                "node": ">=6"
            }
        },
        "node_modules/jsonfile": {
            "version": "6.1.0",
            "dev": true,
            "license": "MIT",
            "dependencies": {
                "universalify": "^2.0.0"
            },
            "optionalDependencies": {
                "graceful-fs": "^4.1.6"
            }
        },
        "node_modules/kdbush": {
            "version": "2.0.1",
            "dev": true,
            "license": "ISC"
        },
        "node_modules/kle-serial": {
            "name": "@ijprest/kle-serial",
            "version": "0.15.1",
            "dev": true,
            "license": "MIT",
            "dependencies": {
                "json5": "^2.1.0"
            }
        },
        "node_modules/lodash": {
            "version": "4.17.21",
            "dev": true,
            "license": "MIT"
        },
        "node_modules/lru-cache": {
            "version": "6.0.0",
            "dev": true,
            "license": "ISC",
            "dependencies": {
                "yallist": "^4.0.0"
            },
            "engines": {
                "node": ">=10"
            }
        },
        "node_modules/makerjs": {
            "version": "0.17.0",
            "dev": true,
            "license": "Apache-2.0",
            "dependencies": {
                "@danmarshall/jscad-typings": "^1.0.0",
                "@types/bezier-js": "^0.0.6",
                "@types/node": "^7.0.5",
                "@types/opentype.js": "^0.7.0",
                "@types/pdfkit": "^0.7.34",
                "bezier-js": "^2.1.0",
                "clone": "^1.0.2",
                "graham_scan": "^1.0.4",
                "kdbush": "^2.0.1"
            }
        },
        "node_modules/mathjs": {
            "version": "10.0.2",
            "dev": true,
            "license": "Apache-2.0",
            "dependencies": {
                "@babel/runtime": "^7.16.5",
                "complex.js": "^2.0.15",
                "decimal.js": "^10.3.1",
                "escape-latex": "^1.2.0",
                "fraction.js": "^4.1.2",
                "javascript-natural-sort": "^0.7.1",
                "seedrandom": "^3.0.5",
                "tiny-emitter": "^2.1.0",
                "typed-function": "^2.0.0"
            },
            "bin": {
                "mathjs": "bin/cli.js"
            },
            "engines": {
                "node": ">= 12"
            }
        },
        "node_modules/minimist": {
            "version": "1.2.5",
            "dev": true,
            "license": "MIT"
        },
        "node_modules/most": {
            "version": "1.9.0",
            "dev": true,
            "license": "MIT",
            "dependencies": {
                "@most/multicast": "^1.2.5",
                "@most/prelude": "^1.4.0",
                "globalthis": "^1.0.1",
                "symbol-observable": "^2.0.3"
            }
        },
        "node_modules/most-gestures": {
            "version": "0.3.0",
            "dev": true,
            "license": "MIT",
            "dependencies": {
                "most": "^1.7.2"
            }
        },
        "node_modules/object-keys": {
            "version": "1.1.1",
            "dev": true,
            "license": "MIT",
            "engines": {
                "node": ">= 0.4"
            }
        },
        "node_modules/regenerator-runtime": {
            "version": "0.13.9",
            "dev": true,
            "license": "MIT"
        },
        "node_modules/require-directory": {
            "version": "2.1.1",
            "dev": true,
            "license": "MIT",
            "engines": {
                "node": ">=0.10.0"
            }
        },
        "node_modules/sax": {
            "version": "1.2.4",
            "dev": true,
            "license": "ISC"
        },
        "node_modules/seedrandom": {
            "version": "3.0.5",
            "dev": true,
            "license": "MIT"
        },
        "node_modules/semver": {
            "version": "7.3.5",
            "dev": true,
            "license": "ISC",
            "dependencies": {
                "lru-cache": "^6.0.0"
            },
            "bin": {
                "semver": "bin/semver.js"
            },
            "engines": {
                "node": ">=10"
            }
        },
        "node_modules/sprintf-js": {
            "version": "1.0.3",
            "dev": true,
            "license": "BSD-3-Clause"
        },
        "node_modules/string-width": {
            "version": "4.2.3",
            "dev": true,
            "license": "MIT",
            "dependencies": {
                "emoji-regex": "^8.0.0",
                "is-fullwidth-code-point": "^3.0.0",
                "strip-ansi": "^6.0.1"
            },
            "engines": {
                "node": ">=8"
            }
        },
        "node_modules/strip-ansi": {
            "version": "6.0.1",
            "dev": true,
            "license": "MIT",
            "dependencies": {
                "ansi-regex": "^5.0.1"
            },
            "engines": {
                "node": ">=8"
            }
        },
        "node_modules/sylvester": {
            "name": "@kaosat-dev/sylvester",
            "version": "0.0.21",
            "dev": true,
            "license": "MIT",
            "engines": {
                "node": ">=0.2.6"
            }
        },
        "node_modules/symbol-observable": {
            "version": "2.0.3",
            "dev": true,
            "license": "MIT",
            "engines": {
                "node": ">=0.10"
            }
        },
        "node_modules/tiny-emitter": {
            "version": "2.1.0",
            "dev": true,
            "license": "MIT"
        },
        "node_modules/typed-function": {
            "version": "2.0.0",
            "dev": true,
            "engines": {
                "node": ">= 8"
            }
        },
        "node_modules/universalify": {
            "version": "2.0.0",
            "dev": true,
            "license": "MIT",
            "engines": {
                "node": ">= 10.0.0"
            }
        },
        "node_modules/w3c-blob": {
            "version": "0.0.1",
            "dev": true,
            "license": "MIT"
        },
        "node_modules/webworkify": {
            "version": "1.5.0",
            "dev": true,
            "license": "MIT"
        },
        "node_modules/wrap-ansi": {
            "version": "7.0.0",
            "dev": true,
            "license": "MIT",
            "dependencies": {
                "ansi-styles": "^4.0.0",
                "string-width": "^4.1.0",
                "strip-ansi": "^6.0.0"
            },
            "engines": {
                "node": ">=10"
            },
            "funding": {
                "url": "https://github.com/chalk/wrap-ansi?sponsor=1"
            }
        },
        "node_modules/y18n": {
            "version": "5.0.8",
            "dev": true,
            "license": "ISC",
            "engines": {
                "node": ">=10"
            }
        },
        "node_modules/yallist": {
            "version": "4.0.0",
            "dev": true,
            "license": "ISC"
        },
        "node_modules/yargs": {
            "version": "17.3.1",
            "dev": true,
            "license": "MIT",
            "dependencies": {
                "cliui": "^7.0.2",
                "escalade": "^3.1.1",
                "get-caller-file": "^2.0.5",
                "require-directory": "^2.1.1",
                "string-width": "^4.2.3",
                "y18n": "^5.0.5",
                "yargs-parser": "^21.0.0"
            },
            "engines": {
                "node": ">=12"
            }
        },
        "node_modules/yargs-parser": {
            "version": "21.0.0",
            "dev": true,
            "license": "ISC",
            "engines": {
                "node": ">=12"
            }
        }
    },
    "dependencies": {
        "@babel/runtime": {
            "version": "7.16.7",
            "dev": true,
            "requires": {
                "regenerator-runtime": "^0.13.4"
            }
        },
        "@danmarshall/jscad-typings": {
            "version": "1.0.0",
            "dev": true
        },
        "@jscad/csg": {
            "version": "0.3.6",
            "dev": true
        },
        "@jscad/dxf-serializer": {
            "version": "0.0.4",
            "dev": true
        },
        "@jscad/gcode-deserializer": {
            "version": "0.0.4",
            "dev": true
        },
        "@jscad/io": {
            "version": "0.3.7",
            "dev": true,
            "requires": {
                "@jscad/dxf-serializer": "^0.0.4",
                "@jscad/gcode-deserializer": "^0.0.4",
                "@jscad/io-utils": "^0.1.2",
                "@jscad/json-deserializer": "^0.0.4",
                "@jscad/json-serializer": "^0.0.5",
                "@jscad/obj-deserializer": "^0.0.4",
                "@jscad/stl-deserializer": "^0.1.2",
                "@jscad/stl-serializer": "^0.0.6",
                "@jscad/svg-deserializer": "^0.2.3",
                "@jscad/svg-serializer": "^0.0.4"
            }
        },
        "@jscad/io-utils": {
            "version": "0.1.3",
            "dev": true
        },
        "@jscad/json-deserializer": {
            "version": "0.0.4",
            "dev": true,
            "requires": {
                "@jscad/csg": "0.3.6"
            }
        },
        "@jscad/json-serializer": {
            "version": "0.0.5",
            "dev": true,
            "requires": {
                "@jscad/csg": "0.3.6",
                "@jscad/io-utils": "^0.1.2"
            }
        },
        "@jscad/obj-deserializer": {
            "version": "0.0.4",
            "dev": true
        },
        "@jscad/openjscad": {
            "version": "1.6.1",
            "dev": true,
            "requires": {
                "@jscad/csg": "0.3.6",
                "@jscad/io": "github:ergogen/oldjscadio",
                "@jscad/openscad-openjscad-translator": "0.0.10",
                "@jscad/scad-api": "^0.5.1",
                "astring": "^1.0.2",
                "brace": "0.10.0",
                "esprima": "^3.1.3",
                "estraverse": "^4.2.0",
                "most-gestures": "^0.3.0",
                "webworkify": "^1.4.0"
            }
        },
        "@jscad/openscad-openjscad-translator": {
            "version": "0.0.10",
            "dev": true,
            "requires": {
                "lodash": "^4.17.4",
                "sylvester": "github:kaosat-dev/node-sylvester"
            }
        },
        "@jscad/scad-api": {
            "version": "0.5.1",
            "dev": true,
            "requires": {
                "@jscad/csg": "0.3.7"
            },
            "dependencies": {
                "@jscad/csg": {
                    "version": "0.3.7",
                    "dev": true
                }
            }
        },
        "@jscad/stl-deserializer": {
            "version": "0.1.2",
            "dev": true,
            "requires": {
                "@jscad/csg": "0.3.6",
                "@jscad/io-utils": "^0.1.2"
            }
        },
        "@jscad/stl-serializer": {
            "version": "0.0.6",
            "dev": true,
            "requires": {
                "@jscad/io-utils": "^0.1.2"
            }
        },
        "@jscad/svg-deserializer": {
            "version": "0.2.3",
            "dev": true,
            "requires": {
                "@jscad/csg": "0.3.6",
                "sax": "1.2.4"
            }
        },
        "@jscad/svg-serializer": {
            "version": "0.0.4",
            "dev": true,
            "requires": {
                "@jscad/csg": "0.3.6"
            }
        },
        "@most/multicast": {
            "version": "1.3.0",
            "dev": true,
            "requires": {
                "@most/prelude": "^1.4.0"
            }
        },
        "@most/prelude": {
            "version": "1.8.0",
            "dev": true
        },
        "@types/bezier-js": {
            "version": "0.0.6",
            "dev": true
        },
        "@types/node": {
            "version": "7.10.14",
            "dev": true
        },
        "@types/opentype.js": {
            "version": "0.7.2",
            "dev": true
        },
        "@types/pdfkit": {
            "version": "0.7.36",
            "dev": true,
            "requires": {
                "@types/node": "*"
            }
        },
        "ansi-regex": {
            "version": "5.0.1",
            "dev": true
        },
        "ansi-styles": {
            "version": "4.3.0",
            "dev": true,
            "requires": {
                "color-convert": "^2.0.1"
            }
        },
        "argparse": {
            "version": "1.0.10",
            "dev": true,
            "requires": {
                "sprintf-js": "~1.0.2"
            }
        },
        "astring": {
            "version": "1.8.1",
            "dev": true
        },
        "bezier-js": {
            "version": "2.6.1",
            "dev": true
        },
        "brace": {
            "version": "0.10.0",
            "dev": true,
            "requires": {
                "w3c-blob": "0.0.1"
            }
        },
        "cliui": {
            "version": "7.0.4",
            "dev": true,
            "requires": {
                "string-width": "^4.2.0",
                "strip-ansi": "^6.0.0",
                "wrap-ansi": "^7.0.0"
            }
        },
        "clone": {
            "version": "1.0.4",
            "dev": true
        },
        "color-convert": {
            "version": "2.0.1",
            "dev": true,
            "requires": {
                "color-name": "~1.1.4"
            }
        },
        "color-name": {
            "version": "1.1.4",
            "dev": true
        },
        "complex.js": {
            "version": "2.0.15",
            "dev": true
        },
        "decimal.js": {
            "version": "10.3.1",
            "dev": true
        },
        "define-properties": {
            "version": "1.1.3",
            "dev": true,
            "requires": {
                "object-keys": "^1.0.12"
            }
        },
        "emoji-regex": {
            "version": "8.0.0",
            "dev": true
        },
        "ergogen": {
            "version": "3.1.2",
            "dev": true,
            "requires": {
                "@jscad/openjscad": "github:ergogen/oldjscad",
                "fs-extra": "^10.0.0",
                "js-yaml": "^3.14.0",
                "kle-serial": "github:ergogen/kle-serial#ergogen",
                "makerjs": "github:ergogen/maker.js#ergogen",
                "mathjs": "^10.0.0",
                "semver": "^7.3.5",
                "yargs": "^17.3.0"
            }
        },
        "escalade": {
            "version": "3.1.1",
            "dev": true
        },
        "escape-latex": {
            "version": "1.2.0",
            "dev": true
        },
        "esprima": {
            "version": "3.1.3",
            "dev": true
        },
        "estraverse": {
            "version": "4.3.0",
            "dev": true
        },
        "fraction.js": {
            "version": "4.1.2",
            "dev": true
        },
        "fs-extra": {
            "version": "10.0.0",
            "dev": true,
            "requires": {
                "graceful-fs": "^4.2.0",
                "jsonfile": "^6.0.1",
                "universalify": "^2.0.0"
            }
        },
        "get-caller-file": {
            "version": "2.0.5",
            "dev": true
        },
        "globalthis": {
            "version": "1.0.2",
            "dev": true,
            "requires": {
                "define-properties": "^1.1.3"
            }
        },
        "graceful-fs": {
            "version": "4.2.9",
            "dev": true
        },
        "graham_scan": {
            "version": "1.0.4",
            "dev": true
        },
        "is-fullwidth-code-point": {
            "version": "3.0.0",
            "dev": true
        },
        "javascript-natural-sort": {
            "version": "0.7.1",
            "dev": true
        },
        "js-yaml": {
            "version": "3.14.1",
            "dev": true,
            "requires": {
                "argparse": "^1.0.7",
                "esprima": "^4.0.0"
            },
            "dependencies": {
                "esprima": {
                    "version": "4.0.1",
                    "dev": true
                }
            }
        },
        "json5": {
            "version": "2.2.0",
            "dev": true,
            "requires": {
                "minimist": "^1.2.5"
            }
        },
        "jsonfile": {
            "version": "6.1.0",
            "dev": true,
            "requires": {
                "graceful-fs": "^4.1.6",
                "universalify": "^2.0.0"
            }
        },
        "kdbush": {
            "version": "2.0.1",
            "dev": true
        },
        "kle-serial": {
            "version": "npm:@ijprest/kle-serial@0.15.1",
            "dev": true,
            "requires": {
                "json5": "^2.1.0"
            }
        },
        "lodash": {
            "version": "4.17.21",
            "dev": true
        },
        "lru-cache": {
            "version": "6.0.0",
            "dev": true,
            "requires": {
                "yallist": "^4.0.0"
            }
        },
        "makerjs": {
            "version": "0.17.0",
            "dev": true,
            "requires": {
                "@danmarshall/jscad-typings": "^1.0.0",
                "@types/bezier-js": "^0.0.6",
                "@types/node": "^7.0.5",
                "@types/opentype.js": "^0.7.0",
                "@types/pdfkit": "^0.7.34",
                "bezier-js": "^2.1.0",
                "clone": "^1.0.2",
                "graham_scan": "^1.0.4",
                "kdbush": "^2.0.1"
            }
        },
        "mathjs": {
            "version": "10.0.2",
            "dev": true,
            "requires": {
                "@babel/runtime": "^7.16.5",
                "complex.js": "^2.0.15",
                "decimal.js": "^10.3.1",
                "escape-latex": "^1.2.0",
                "fraction.js": "^4.1.2",
                "javascript-natural-sort": "^0.7.1",
                "seedrandom": "^3.0.5",
                "tiny-emitter": "^2.1.0",
                "typed-function": "^2.0.0"
            }
        },
        "minimist": {
            "version": "1.2.5",
            "dev": true
        },
        "most": {
            "version": "1.9.0",
            "dev": true,
            "requires": {
                "@most/multicast": "^1.2.5",
                "@most/prelude": "^1.4.0",
                "globalthis": "^1.0.1",
                "symbol-observable": "^2.0.3"
            }
        },
        "most-gestures": {
            "version": "0.3.0",
            "dev": true,
            "requires": {
                "most": "^1.7.2"
            }
        },
        "object-keys": {
            "version": "1.1.1",
            "dev": true
        },
        "regenerator-runtime": {
            "version": "0.13.9",
            "dev": true
        },
        "require-directory": {
            "version": "2.1.1",
            "dev": true
        },
        "sax": {
            "version": "1.2.4",
            "dev": true
        },
        "seedrandom": {
            "version": "3.0.5",
            "dev": true
        },
        "semver": {
            "version": "7.3.5",
            "dev": true,
            "requires": {
                "lru-cache": "^6.0.0"
            }
        },
        "sprintf-js": {
            "version": "1.0.3",
            "dev": true
        },
        "string-width": {
            "version": "4.2.3",
            "dev": true,
            "requires": {
                "emoji-regex": "^8.0.0",
                "is-fullwidth-code-point": "^3.0.0",
                "strip-ansi": "^6.0.1"
            }
        },
        "strip-ansi": {
            "version": "6.0.1",
            "dev": true,
            "requires": {
                "ansi-regex": "^5.0.1"
            }
        },
        "sylvester": {
            "version": "npm:@kaosat-dev/sylvester@0.0.21",
            "dev": true
        },
        "symbol-observable": {
            "version": "2.0.3",
            "dev": true
        },
        "tiny-emitter": {
            "version": "2.1.0",
            "dev": true
        },
        "typed-function": {
            "version": "2.0.0",
            "dev": true
        },
        "universalify": {
            "version": "2.0.0",
            "dev": true
        },
        "w3c-blob": {
            "version": "0.0.1",
            "dev": true
        },
        "webworkify": {
            "version": "1.5.0",
            "dev": true
        },
        "wrap-ansi": {
            "version": "7.0.0",
            "dev": true,
            "requires": {
                "ansi-styles": "^4.0.0",
                "string-width": "^4.1.0",
                "strip-ansi": "^6.0.0"
            }
        },
        "y18n": {
            "version": "5.0.8",
            "dev": true
        },
        "yallist": {
            "version": "4.0.0",
            "dev": true
        },
        "yargs": {
            "version": "17.3.1",
            "dev": true,
            "requires": {
                "cliui": "^7.0.2",
                "escalade": "^3.1.1",
                "get-caller-file": "^2.0.5",
                "require-directory": "^2.1.1",
                "string-width": "^4.2.3",
                "y18n": "^5.0.5",
                "yargs-parser": "^21.0.0"
            }
        },
        "yargs-parser": {
            "version": "21.0.0",
            "dev": true
        }
    }
}
